
Microsoft Visual Studio Solution File, Format Version 12.00
# Visual Studio Version 17
VisualStudioVersion = 17.11.35208.52
MinimumVisualStudioVersion = 10.0.40219.1
Project("{FAE04EC0-301F-11D3-BF4B-00C04F79EFBC}") = "tugas vispro 1", "tugas vispro 1\tugas vispro 1.csproj", "{B1943CCD-47E9-4117-953C-ED4C0134126D}"
EndProject
Global
	GlobalSection(SolutionConfigurationPlatforms) = preSolution
		Debug|Any CPU = Debug|Any CPU
		Release|Any CPU = Release|Any CPU
	EndGlobalSection
	GlobalSection(ProjectConfigurationPlatforms) = postSolution
		{B1943CCD-47E9-4117-953C-ED4C0134126D}.Debug|Any CPU.ActiveCfg = Debug|Any CPU
		{B1943CCD-47E9-4117-953C-ED4C0134126D}.Debug|Any CPU.Build.0 = Debug|Any CPU
		{B1943CCD-47E9-4117-953C-ED4C0134126D}.Release|Any CPU.ActiveCfg = Release|Any CPU
		{B1943CCD-47E9-4117-953C-ED4C0134126D}.Release|Any CPU.Build.0 = Release|Any CPU
	EndGlobalSection
	GlobalSection(SolutionProperties) = preSolution
		HideSolutionNode = FALSE
	EndGlobalSection
	GlobalSection(ExtensibilityGlobals) = postSolution
		SolutionGuid = {73287045-AA72-4A0D-9E18-E1104AE7E08A}
	EndGlobalSection
EndGlobal
